<?xml version="1.0" encoding="utf-8"?>
<Project ToolsVersion="4.0" xmlns="http://schemas.microsoft.com/developer/msbuild/2003">
  <ItemGroup>
    <Filter Include="소스 파일">
      <UniqueIdentifier>{4FC737F1-C7A5-4376-A066-2A32D752A2FF}</UniqueIdentifier>
    </Filter>
    <Filter Include="소스 파일\app">
      <UniqueIdentifier>{C0000001-0000-0000-0000-000000000001}</UniqueIdentifier>
    </Filter>
    <Filter Include="소스 파일\app\host">
      <UniqueIdentifier>{C0000001-0001-0000-0000-000000000001}</UniqueIdentifier>
    </Filter>
    <Filter Include="소스 파일\app\application">
      <UniqueIdentifier>{C0000001-0002-0000-0000-000000000001}</UniqueIdentifier>
    </Filter>
    <Filter Include="소스 파일\app\domain">
      <UniqueIdentifier>{C0000001-0003-0000-0000-000000000001}</UniqueIdentifier>
    </Filter>
    <Filter Include="소스 파일\app\domain\model">
      <UniqueIdentifier>{C0000001-0003-0001-0000-000000000001}</UniqueIdentifier>
    </Filter>
    <Filter Include="소스 파일\app\infrastructure">
      <UniqueIdentifier>{C0000001-0004-0000-0000-000000000001}</UniqueIdentifier>
    </Filter>
    <Filter Include="소스 파일\app\infrastructure\logging">
      <UniqueIdentifier>{C0000001-0004-0001-0000-000000000001}</UniqueIdentifier>
    </Filter>
    <Filter Include="소스 파일\app\infrastructure\config">
      <UniqueIdentifier>{C0000001-0004-0002-0000-000000000001}</UniqueIdentifier>
    </Filter>
    <Filter Include="소스 파일\app\infrastructure\readers">
      <UniqueIdentifier>{C0000001-0004-0003-0000-000000000001}</UniqueIdentifier>
    </Filter>
    <Filter Include="소스 파일\app\application\services">
      <UniqueIdentifier>{C0000001-0002-0001-0000-000000000001}</UniqueIdentifier>
    </Filter>
    <Filter Include="소스 파일\app\infrastructure\bridge">
      <UniqueIdentifier>{C0000001-0004-0004-0000-000000000001}</UniqueIdentifier>
    </Filter>
    <Filter Include="소스 파일\app\infrastructure\writers">
      <UniqueIdentifier>{C0000001-0004-0005-0000-000000000001}</UniqueIdentifier>
    </Filter>
    <Filter Include="소스 파일\app\infrastructure\history">
      <UniqueIdentifier>{C0000001-0004-0006-0000-000000000001}</UniqueIdentifier>
    </Filter>
    <Filter Include="헤더 파일">
      <UniqueIdentifier>{93995380-89BD-4b04-88EB-625FBE52EBFB}</UniqueIdentifier>
    </Filter>
    <Filter Include="헤더 파일\app">
      <UniqueIdentifier>{C0000002-0000-0000-0000-000000000001}</UniqueIdentifier>
    </Filter>
    <Filter Include="헤더 파일\app\host">
      <UniqueIdentifier>{C0000002-0001-0000-0000-000000000001}</UniqueIdentifier>
    </Filter>
    <Filter Include="헤더 파일\app\application">
      <UniqueIdentifier>{C0000002-0002-0000-0000-000000000001}</UniqueIdentifier>
    </Filter>
    <Filter Include="헤더 파일\app\domain">
      <UniqueIdentifier>{C0000002-0003-0000-0000-000000000001}</UniqueIdentifier>
    </Filter>
    <Filter Include="헤더 파일\app\domain\model">
      <UniqueIdentifier>{C0000002-0003-0001-0000-000000000001}</UniqueIdentifier>
    </Filter>
    <Filter Include="헤더 파일\app\infrastructure">
      <UniqueIdentifier>{C0000002-0004-0000-0000-000000000001}</UniqueIdentifier>
    </Filter>
    <Filter Include="헤더 파일\app\infrastructure\logging">
      <UniqueIdentifier>{C0000002-0004-0001-0000-000000000001}</UniqueIdentifier>
    </Filter>
    <Filter Include="헤더 파일\app\infrastructure\config">
      <UniqueIdentifier>{C0000002-0004-0002-0000-000000000001}</UniqueIdentifier>
    </Filter>
    <Filter Include="헤더 파일\app\infrastructure\readers">
      <UniqueIdentifier>{C0000002-0004-0003-0000-000000000001}</UniqueIdentifier>
    </Filter>
    <Filter Include="헤더 파일\app\domain\interfaces">
      <UniqueIdentifier>{C0000002-0003-0002-0000-000000000001}</UniqueIdentifier>
    </Filter>
    <Filter Include="헤더 파일\app\application\services">
      <UniqueIdentifier>{C0000002-0002-0001-0000-000000000001}</UniqueIdentifier>
    </Filter>
    <Filter Include="헤더 파일\app\infrastructure\bridge">
      <UniqueIdentifier>{C0000002-0004-0004-0000-000000000001}</UniqueIdentifier>
    </Filter>
    <Filter Include="헤더 파일\app\infrastructure\writers">
      <UniqueIdentifier>{C0000002-0004-0005-0000-000000000001}</UniqueIdentifier>
    </Filter>
    <Filter Include="헤더 파일\app\infrastructure\history">
      <UniqueIdentifier>{C0000002-0004-0006-0000-000000000001}</UniqueIdentifier>
    </Filter>
    <Filter Include="소스 파일\app\infrastructure\plugins">
      <UniqueIdentifier>{C0000001-0004-0007-0000-000000000001}</UniqueIdentifier>
    </Filter>
    <Filter Include="헤더 파일\app\infrastructure\plugins">
      <UniqueIdentifier>{C0000002-0004-0007-0000-000000000001}</UniqueIdentifier>
    </Filter>
    <Filter Include="소스 파일\app\infrastructure\exporters">
      <UniqueIdentifier>{C0000001-0004-0008-0000-000000000001}</UniqueIdentifier>
    </Filter>
    <Filter Include="헤더 파일\app\infrastructure\exporters">
      <UniqueIdentifier>{C0000002-0004-0008-0000-000000000001}</UniqueIdentifier>
    </Filter>
    <Filter Include="소스 파일\app\infrastructure\workflow">
      <UniqueIdentifier>{C0000001-0004-0009-0000-000000000001}</UniqueIdentifier>
    </Filter>
    <Filter Include="헤더 파일\app\infrastructure\workflow">
      <UniqueIdentifier>{C0000002-0004-0009-0000-000000000001}</UniqueIdentifier>
    </Filter>
    <Filter Include="리소스 파일">
      <UniqueIdentifier>{67DA6AB6-F800-4c08-8B7A-83BB121AAD01}</UniqueIdentifier>
    </Filter>
    <Filter Include="webui">
      <UniqueIdentifier>{C0000005-0000-0000-0000-000000000001}</UniqueIdentifier>
    </Filter>
    <Filter Include="webui\public">
      <UniqueIdentifier>{C0000005-0001-0000-0000-000000000001}</UniqueIdentifier>
    </Filter>
    <Filter Include="webui\src">
      <UniqueIdentifier>{C0000005-0002-0000-0000-000000000001}</UniqueIdentifier>
    </Filter>
    <Filter Include="webui\src\core">
      <UniqueIdentifier>{C0000005-0003-0000-0000-000000000001}</UniqueIdentifier>
    </Filter>
    <Filter Include="webui\src\core\bridge">
      <UniqueIdentifier>{C0000005-0003-0001-0000-000000000001}</UniqueIdentifier>
    </Filter>
    <Filter Include="webui\src\styles">
      <UniqueIdentifier>{C0000005-0004-0000-0000-000000000001}</UniqueIdentifier>
    </Filter>
  </ItemGroup>
  <ItemGroup>
    <ClCompile Include="pch.cpp">
      <Filter>소스 파일</Filter>
    </ClCompile>
    <ClCompile Include="main.cpp">
      <Filter>소스 파일</Filter>
    </ClCompile>
    <ClCompile Include="app\application\SageApp.cpp">
      <Filter>소스 파일\app\application</Filter>
    </ClCompile>
    <ClCompile Include="app\host\MainWindow.cpp">
      <Filter>소스 파일\app\host</Filter>
    </ClCompile>
    <ClCompile Include="app\host\WebViewHost.cpp">
      <Filter>소스 파일\app\host</Filter>
    </ClCompile>
    <ClCompile Include="app\host\BridgeDispatcher.cpp">
      <Filter>소스 파일\app\host</Filter>
    </ClCompile>
    <ClCompile Include="app\domain\model\DataTable.cpp">
      <Filter>소스 파일\app\domain\model</Filter>
    </ClCompile>
    <ClCompile Include="app\domain\model\SolutionProfile.cpp">
      <Filter>소스 파일\app\domain\model</Filter>
    </ClCompile>
    <ClCompile Include="app\infrastructure\logging\FileLogger.cpp">
      <Filter>소스 파일\app\infrastructure\logging</Filter>
    </ClCompile>
    <ClCompile Include="app\infrastructure\config\JsonConfigStore.cpp">
      <Filter>소스 파일\app\infrastructure\config</Filter>
    </ClCompile>
    <ClCompile Include="app\infrastructure\readers\CsvReader.cpp">
      <Filter>소스 파일\app\infrastructure\readers</Filter>
    </ClCompile>
    <ClCompile Include="app\application\services\ImportService.cpp">
      <Filter>소스 파일\app\application\services</Filter>
    </ClCompile>
    <ClCompile Include="app\infrastructure\bridge\ImportBridgeHandler.cpp">
      <Filter>소스 파일\app\infrastructure\bridge</Filter>
    </ClCompile>
    <ClCompile Include="app\application\services\TransformService.cpp">
      <Filter>소스 파일\app\application\services</Filter>
    </ClCompile>
    <ClCompile Include="app\infrastructure\bridge\TransformBridgeHandler.cpp">
      <Filter>소스 파일\app\infrastructure\bridge</Filter>
    </ClCompile>
    <ClCompile Include="app\infrastructure\exporters\HtmlReportExporter.cpp">
      <Filter>소스 파일\app\infrastructure\exporters</Filter>
    </ClCompile>
    <ClCompile Include="app\infrastructure\writers\CsvWriter.cpp">
      <Filter>소스 파일\app\infrastructure\writers</Filter>
    </ClCompile>
    <ClCompile Include="app\infrastructure\writers\XlsxWriter.cpp">
      <Filter>소스 파일\app\infrastructure\writers</Filter>
    </ClCompile>
    <ClCompile Include="app\application\services\ExportService.cpp">
      <Filter>소스 파일\app\application\services</Filter>
    </ClCompile>
    <ClCompile Include="app\infrastructure\bridge\ExportBridgeHandler.cpp">
      <Filter>소스 파일\app\infrastructure\bridge</Filter>
    </ClCompile>
    <ClCompile Include="app\infrastructure\readers\XlsxReader.cpp">
      <Filter>소스 파일\app\infrastructure\readers</Filter>
    </ClCompile>
    <ClCompile Include="app\infrastructure\history\ExecutionHistoryStore.cpp">
      <Filter>소스 파일\app\infrastructure\history</Filter>
    </ClCompile>
    <ClCompile Include="app\infrastructure\history\ArtifactStore.cpp">
      <Filter>소스 파일\app\infrastructure\history</Filter>
    </ClCompile>
    <ClCompile Include="app\application\services\HistoryService.cpp">
      <Filter>소스 파일\app\application\services</Filter>
    </ClCompile>
    <ClCompile Include="app\infrastructure\bridge\HistoryBridgeHandler.cpp">
      <Filter>소스 파일\app\infrastructure\bridge</Filter>
    </ClCompile>
    <ClCompile Include="app\infrastructure\bridge\SettingsBridgeHandler.cpp">
      <Filter>소스 파일\app\infrastructure\bridge</Filter>
    </ClCompile>
    <ClCompile Include="app\infrastructure\plugins\PluginManager.cpp">
      <Filter>소스 파일\app\infrastructure\plugins</Filter>
    </ClCompile>
    <ClCompile Include="app\infrastructure\workflow\WorkflowStore.cpp">
      <Filter>소스 파일\app\infrastructure\workflow</Filter>
    </ClCompile>
    <ClCompile Include="app\application\services\WorkflowService.cpp">
      <Filter>소스 파일\app\application\services</Filter>
    </ClCompile>
    <ClCompile Include="app\infrastructure\bridge\WorkflowBridgeHandler.cpp">
      <Filter>소스 파일\app\infrastructure\bridge</Filter>
    </ClCompile>
    <ClCompile Include="app\application\services\WebExtractService.cpp">
      <Filter>소스 파일\app\application\services</Filter>
    </ClCompile>
    <ClCompile Include="app\infrastructure\bridge\WebExtractBridgeHandler.cpp">
      <Filter>소스 파일\app\infrastructure\bridge</Filter>
    </ClCompile>
  </ItemGroup>
  <ItemGroup>
    <ClInclude Include="pch.h">
      <Filter>헤더 파일</Filter>
    </ClInclude>
    <ClInclude Include="Define.h">
      <Filter>헤더 파일</Filter>
    </ClInclude>
    <ClInclude Include="EnumDefine.h">
      <Filter>헤더 파일</Filter>
    </ClInclude>
    <ClInclude Include="app\application\SageApp.h">
      <Filter>헤더 파일\app\application</Filter>
    </ClInclude>
    <ClInclude Include="app\host\MainWindow.h">
      <Filter>헤더 파일\app\host</Filter>
    </ClInclude>
    <ClInclude Include="app\host\WebViewHost.h">
      <Filter>헤더 파일\app\host</Filter>
    </ClInclude>
    <ClInclude Include="app\host\BridgeDispatcher.h">
      <Filter>헤더 파일\app\host</Filter>
    </ClInclude>
    <ClInclude Include="app\domain\model\DataTable.h">
      <Filter>헤더 파일\app\domain\model</Filter>
    </ClInclude>
    <ClInclude Include="app\domain\model\SolutionProfile.h">
      <Filter>헤더 파일\app\domain\model</Filter>
    </ClInclude>
    <ClInclude Include="app\infrastructure\logging\FileLogger.h">
      <Filter>헤더 파일\app\infrastructure\logging</Filter>
    </ClInclude>
    <ClInclude Include="app\infrastructure\config\JsonConfigStore.h">
      <Filter>헤더 파일\app\infrastructure\config</Filter>
    </ClInclude>
    <ClInclude Include="app\infrastructure\readers\CsvReader.h">
      <Filter>헤더 파일\app\infrastructure\readers</Filter>
    </ClInclude>
    <ClInclude Include="app\domain\interfaces\IDataReader.h">
      <Filter>헤더 파일\app\domain\interfaces</Filter>
    </ClInclude>
    <ClInclude Include="app\application\services\ImportService.h">
      <Filter>헤더 파일\app\application\services</Filter>
    </ClInclude>
    <ClInclude Include="app\infrastructure\bridge\ImportBridgeHandler.h">
      <Filter>헤더 파일\app\infrastructure\bridge</Filter>
    </ClInclude>
    <ClInclude Include="app\domain\model\TransformStep.h">
      <Filter>헤더 파일\app\domain\model</Filter>
    </ClInclude>
    <ClInclude Include="app\application\services\TransformService.h">
      <Filter>헤더 파일\app\application\services</Filter>
    </ClInclude>
    <ClInclude Include="app\infrastructure\bridge\TransformBridgeHandler.h">
      <Filter>헤더 파일\app\infrastructure\bridge</Filter>
    </ClInclude>
    <ClInclude Include="app\infrastructure\writers\CsvWriter.h">
      <Filter>헤더 파일\app\infrastructure\writers</Filter>
    </ClInclude>
    <ClInclude Include="app\infrastructure\writers\XlsxWriter.h">
      <Filter>헤더 파일\app\infrastructure\writers</Filter>
    </ClInclude>
    <ClInclude Include="app\application\services\ExportService.h">
      <Filter>헤더 파일\app\application\services</Filter>
    </ClInclude>
    <ClInclude Include="app\infrastructure\bridge\ExportBridgeHandler.h">
      <Filter>헤더 파일\app\infrastructure\bridge</Filter>
    </ClInclude>
    <ClInclude Include="app\infrastructure\readers\XlsxReader.h">
      <Filter>헤더 파일\app\infrastructure\readers</Filter>
    </ClInclude>
    <ClInclude Include="app\domain\model\ExecutionRecord.h">
      <Filter>헤더 파일\app\domain\model</Filter>
    </ClInclude>
    <ClInclude Include="app\infrastructure\history\ExecutionHistoryStore.h">
      <Filter>헤더 파일\app\infrastructure\history</Filter>
    </ClInclude>
    <ClInclude Include="app\infrastructure\history\ArtifactStore.h">
      <Filter>헤더 파일\app\infrastructure\history</Filter>
    </ClInclude>
    <ClInclude Include="app\infrastructure\exporters\HtmlReportExporter.h">
      <Filter>헤더 파일\app\infrastructure\exporters</Filter>
    </ClInclude>
    <ClInclude Include="app\domain\model\Artifact.h">
      <Filter>헤더 파일\app\domain\model</Filter>
    </ClInclude>
    <ClInclude Include="app\application\services\HistoryService.h">
      <Filter>헤더 파일\app\application\services</Filter>
    </ClInclude>
    <ClInclude Include="app\infrastructure\bridge\HistoryBridgeHandler.h">
      <Filter>헤더 파일\app\infrastructure\bridge</Filter>
    </ClInclude>
    <ClInclude Include="app\infrastructure\bridge\SettingsBridgeHandler.h">
      <Filter>헤더 파일\app\infrastructure\bridge</Filter>
    </ClInclude>
    <ClInclude Include="app\domain\interfaces\IPlugin.h">
      <Filter>헤더 파일\app\domain\interfaces</Filter>
    </ClInclude>
    <ClInclude Include="app\infrastructure\plugins\PluginManager.h">
      <Filter>헤더 파일\app\infrastructure\plugins</Filter>
    </ClInclude>
    <ClInclude Include="app\domain\model\WorkflowStep.h">
      <Filter>헤더 파일\app\domain\model</Filter>
    </ClInclude>
    <ClInclude Include="app\domain\model\WorkflowDefinition.h">
      <Filter>헤더 파일\app\domain\model</Filter>
    </ClInclude>
    <ClInclude Include="app\infrastructure\workflow\WorkflowStore.h">
      <Filter>헤더 파일\app\infrastructure\workflow</Filter>
    </ClInclude>
    <ClInclude Include="app\application\services\WorkflowService.h">
      <Filter>헤더 파일\app\application\services</Filter>
    </ClInclude>
    <ClInclude Include="app\infrastructure\bridge\WorkflowBridgeHandler.h">
      <Filter>헤더 파일\app\infrastructure\bridge</Filter>
    </ClInclude>
    <ClInclude Include="app\application\services\WebExtractService.h">
      <Filter>헤더 파일\app\application\services</Filter>
    </ClInclude>
    <ClInclude Include="app\infrastructure\bridge\WebExtractBridgeHandler.h">
      <Filter>헤더 파일\app\infrastructure\bridge</Filter>
    </ClInclude>
  </ItemGroup>
  <ItemGroup>
    <None Include="packages.config" />
    <None Include="webui\public\index.html">
      <Filter>webui\public</Filter>
    </None>
    <None Include="webui\src\core\bridge\bridge.js">
      <Filter>webui\src\core\bridge</Filter>
    </None>
    <None Include="webui\src\styles\styles.css">
      <Filter>webui\src\styles</Filter>
    </None>
  </ItemGroup>
</Project>
